{
  "name": "kasis",
  "version": "1.0.0",
  "lockfileVersion": 3,
  "requires": true,
  "packages": {
    "": {
      "name": "kasis",
      "version": "1.0.0",
      "license": "ISC",
      "dependencies": {
        "antlr4": "^4.12.0-beta.4"
      }
    },
    "node_modules/antlr4": {
      "version": "4.12.0-beta.4",
      "resolved": "https://registry.npmjs.org/antlr4/-/antlr4-4.12.0-beta.4.tgz",
      "integrity": "sha512-yslpX8ma+Xat1hDuevR5+XiyAQkvxgK77Znw2USb2ExJ3dk/K7a2IEm1B2zbOu48na4CD4uHqvCJz7qwyJaDcA==",
      "engines": {
        "node": ">=16"
      }
    }
  }
}
